<?xml version="1.0" encoding="utf-8"?>
<Project ToolsVersion="4.0" xmlns="http://schemas.microsoft.com/developer/msbuild/2003">
  <ItemGroup>
    <Filter Include="源文件">
      <UniqueIdentifier>{4FC737F1-C7A5-4376-A066-2A32D752A2FF}</UniqueIdentifier>
      <Extensions>cpp;c;cc;cxx;def;odl;idl;hpj;bat;asm;asmx</Extensions>
    </Filter>
    <Filter Include="头文件">
      <UniqueIdentifier>{93995380-89BD-4b04-88EB-625FBE52EBFB}</UniqueIdentifier>
      <Extensions>h;hh;hpp;hxx;hm;inl;inc;xsd</Extensions>
    </Filter>
    <Filter Include="资源文件">
      <UniqueIdentifier>{67DA6AB6-F800-4c08-8B7A-83BB121AAD01}</UniqueIdentifier>
      <Extensions>rc;ico;cur;bmp;dlg;rc2;rct;bin;rgs;gif;jpg;jpeg;jpe;resx;tiff;tif;png;wav;mfcribbon-ms</Extensions>
    </Filter>
    <Filter Include="hook">
      <UniqueIdentifier>{1d60b252-d9bc-42c3-ba04-18750ccf12d6}</UniqueIdentifier>
    </Filter>
    <Filter Include="hook\mhook">
      <UniqueIdentifier>{63b88383-1882-4bdb-bb2d-701c7af1aeb5}</UniqueIdentifier>
    </Filter>
    <Filter Include="hook\disasm">
      <UniqueIdentifier>{3e792c39-8001-40ea-ae58-763e18e9e975}</UniqueIdentifier>
    </Filter>
    <Filter Include="hook\asm">
      <UniqueIdentifier>{2b88240f-bbf9-4c6b-b6f6-b7599364ff8c}</UniqueIdentifier>
    </Filter>
    <Filter Include="sweeper">
      <UniqueIdentifier>{25e6efb1-f5a7-41b9-b2f5-8e4ddec91866}</UniqueIdentifier>
    </Filter>
    <Filter Include="tip">
      <UniqueIdentifier>{f80c94f7-c43f-4568-908a-ded030f13e0f}</UniqueIdentifier>
    </Filter>
  </ItemGroup>
  <ItemGroup>
    <Text Include="ReadMe.txt" />
  </ItemGroup>
  <ItemGroup>
    <ClInclude Include="stdafx.h">
      <Filter>头文件</Filter>
    </ClInclude>
    <ClInclude Include="targetver.h">
      <Filter>头文件</Filter>
    </ClInclude>
    <ClInclude Include="hook\mhook-lib\mhook.h">
      <Filter>hook\mhook</Filter>
    </ClInclude>
    <ClInclude Include="hook\disasm-lib\cpu.h">
      <Filter>hook\disasm</Filter>
    </ClInclude>
    <ClInclude Include="hook\disasm-lib\disasm.h">
      <Filter>hook\disasm</Filter>
    </ClInclude>
    <ClInclude Include="hook\disasm-lib\disasm_x86.h">
      <Filter>hook\disasm</Filter>
    </ClInclude>
    <ClInclude Include="hook\disasm-lib\disasm_x86_tables.h">
      <Filter>hook\disasm</Filter>
    </ClInclude>
    <ClInclude Include="hook\disasm-lib\misc.h">
      <Filter>hook\disasm</Filter>
    </ClInclude>
    <ClInclude Include="hook\winapi.h">
      <Filter>hook</Filter>
    </ClInclude>
    <ClInclude Include="hook\wincom.h">
      <Filter>hook</Filter>
    </ClInclude>
    <ClInclude Include="hook\asm\cocreateinstance.h">
      <Filter>hook\asm</Filter>
    </ClInclude>
    <ClInclude Include="hook\hook.h">
      <Filter>hook</Filter>
    </ClInclude>
    <ClInclude Include="sweeper\sweeper.h">
      <Filter>sweeper</Filter>
    </ClInclude>
    <ClInclude Include="sweeper\office.h">
      <Filter>sweeper</Filter>
    </ClInclude>
    <ClInclude Include="tip\tip.h">
      <Filter>tip</Filter>
    </ClInclude>
  </ItemGroup>
  <ItemGroup>
    <ClCompile Include="stdafx.cpp">
      <Filter>源文件</Filter>
    </ClCompile>
    <ClCompile Include="dllmain.cpp">
      <Filter>源文件</Filter>
    </ClCompile>
    <ClCompile Include="hook\mhook-lib\mhook.cpp">
      <Filter>hook\mhook</Filter>
    </ClCompile>
    <ClCompile Include="hook\disasm-lib\cpu.c">
      <Filter>hook\disasm</Filter>
    </ClCompile>
    <ClCompile Include="hook\disasm-lib\disasm.c">
      <Filter>hook\disasm</Filter>
    </ClCompile>
    <ClCompile Include="hook\disasm-lib\disasm_x86.c">
      <Filter>hook\disasm</Filter>
    </ClCompile>
    <ClCompile Include="hook\disasm-lib\misc.c">
      <Filter>hook\disasm</Filter>
    </ClCompile>
    <ClCompile Include="hook\winapi.cpp">
      <Filter>hook</Filter>
    </ClCompile>
    <ClCompile Include="hook\wincom.cpp">
      <Filter>hook</Filter>
    </ClCompile>
    <ClCompile Include="hook\hook.cpp">
      <Filter>hook</Filter>
    </ClCompile>
    <ClCompile Include="sweeper\sweeper.cpp">
      <Filter>sweeper</Filter>
    </ClCompile>
    <ClCompile Include="tip\tip.cpp">
      <Filter>tip</Filter>
    </ClCompile>
  </ItemGroup>
  <ItemGroup>
    <CustomBuild Include="hook\asm\cocreateinstance.asm">
      <Filter>hook\asm</Filter>
    </CustomBuild>
  </ItemGroup>
</Project>