
Microsoft Visual Studio Solution File, Format Version 12.00
# Visual Studio 14
VisualStudioVersion = 14.0.25420.1
MinimumVisualStudioVersion = 10.0.40219.1
Project("{8BC9CEB8-8B4A-11D0-8D11-00A0C91BC942}") = "sync_dll", "syncdll\Syncdll.vcxproj", "{6416CD86-3678-4BA9-92C8-A4C3EA5D512A}"
EndProject
Project("{8BC9CEB8-8B4A-11D0-8D11-00A0C91BC942}") = "dll_installer", "dll_installer\dll_installer.vcxproj", "{792EC531-B124-466D-813F-63527AC64F68}"
	ProjectSection(ProjectDependencies) = postProject
		{4E45A6B1-494D-423E-BDE5-411C9CA31C10} = {4E45A6B1-494D-423E-BDE5-411C9CA31C10}
	EndProjectSection
EndProject
Project("{8BC9CEB8-8B4A-11D0-8D11-00A0C91BC942}") = "dll_loader", "dll_loader\dll_loader.vcxproj", "{4E45A6B1-494D-423E-BDE5-411C9CA31C10}"
	ProjectSection(ProjectDependencies) = postProject
		{6416CD86-3678-4BA9-92C8-A4C3EA5D512A} = {6416CD86-3678-4BA9-92C8-A4C3EA5D512A}
	EndProjectSection
EndProject
Project("{8BC9CEB8-8B4A-11D0-8D11-00A0C91BC942}") = "injector", "injector\injector.vcxproj", "{CC887A3A-AA4C-48D1-85AE-F08131B13F18}"
EndProject
Global
	GlobalSection(SolutionConfigurationPlatforms) = preSolution
		Debug|x64 = Debug|x64
		Debug|x86 = Debug|x86
		Release|x64 = Release|x64
		Release|x86 = Release|x86
		Static_Debug|x64 = Static_Debug|x64
		Static_Debug|x86 = Static_Debug|x86
		Test|x64 = Test|x64
		Test|x86 = Test|x86
	EndGlobalSection
	GlobalSection(ProjectConfigurationPlatforms) = postSolution
		{6416CD86-3678-4BA9-92C8-A4C3EA5D512A}.Debug|x64.ActiveCfg = Debug|x64
		{6416CD86-3678-4BA9-92C8-A4C3EA5D512A}.Debug|x64.Build.0 = Debug|x64
		{6416CD86-3678-4BA9-92C8-A4C3EA5D512A}.Debug|x86.ActiveCfg = Debug|Win32
		{6416CD86-3678-4BA9-92C8-A4C3EA5D512A}.Debug|x86.Build.0 = Debug|Win32
		{6416CD86-3678-4BA9-92C8-A4C3EA5D512A}.Release|x64.ActiveCfg = Release|x64
		{6416CD86-3678-4BA9-92C8-A4C3EA5D512A}.Release|x64.Build.0 = Release|x64
		{6416CD86-3678-4BA9-92C8-A4C3EA5D512A}.Release|x86.ActiveCfg = Release|Win32
		{6416CD86-3678-4BA9-92C8-A4C3EA5D512A}.Release|x86.Build.0 = Release|Win32
		{6416CD86-3678-4BA9-92C8-A4C3EA5D512A}.Static_Debug|x64.ActiveCfg = Static_Debug|x64
		{6416CD86-3678-4BA9-92C8-A4C3EA5D512A}.Static_Debug|x64.Build.0 = Static_Debug|x64
		{6416CD86-3678-4BA9-92C8-A4C3EA5D512A}.Static_Debug|x86.ActiveCfg = Static_Debug|Win32
		{6416CD86-3678-4BA9-92C8-A4C3EA5D512A}.Static_Debug|x86.Build.0 = Static_Debug|Win32
		{6416CD86-3678-4BA9-92C8-A4C3EA5D512A}.Test|x64.ActiveCfg = Test|x64
		{6416CD86-3678-4BA9-92C8-A4C3EA5D512A}.Test|x64.Build.0 = Test|x64
		{6416CD86-3678-4BA9-92C8-A4C3EA5D512A}.Test|x86.ActiveCfg = Test|Win32
		{6416CD86-3678-4BA9-92C8-A4C3EA5D512A}.Test|x86.Build.0 = Test|Win32
		{792EC531-B124-466D-813F-63527AC64F68}.Debug|x64.ActiveCfg = Debug|x64
		{792EC531-B124-466D-813F-63527AC64F68}.Debug|x64.Build.0 = Debug|x64
		{792EC531-B124-466D-813F-63527AC64F68}.Debug|x86.ActiveCfg = Debug|Win32
		{792EC531-B124-466D-813F-63527AC64F68}.Debug|x86.Build.0 = Debug|Win32
		{792EC531-B124-466D-813F-63527AC64F68}.Release|x64.ActiveCfg = Release|x64
		{792EC531-B124-466D-813F-63527AC64F68}.Release|x64.Build.0 = Release|x64
		{792EC531-B124-466D-813F-63527AC64F68}.Release|x86.ActiveCfg = Release|Win32
		{792EC531-B124-466D-813F-63527AC64F68}.Release|x86.Build.0 = Release|Win32
		{792EC531-B124-466D-813F-63527AC64F68}.Static_Debug|x64.ActiveCfg = Static_Debug|x64
		{792EC531-B124-466D-813F-63527AC64F68}.Static_Debug|x64.Build.0 = Static_Debug|x64
		{792EC531-B124-466D-813F-63527AC64F68}.Static_Debug|x86.ActiveCfg = Static_Debug|Win32
		{792EC531-B124-466D-813F-63527AC64F68}.Static_Debug|x86.Build.0 = Static_Debug|Win32
		{792EC531-B124-466D-813F-63527AC64F68}.Test|x64.ActiveCfg = Test|x64
		{792EC531-B124-466D-813F-63527AC64F68}.Test|x64.Build.0 = Test|x64
		{792EC531-B124-466D-813F-63527AC64F68}.Test|x86.ActiveCfg = Test|Win32
		{792EC531-B124-466D-813F-63527AC64F68}.Test|x86.Build.0 = Test|Win32
		{4E45A6B1-494D-423E-BDE5-411C9CA31C10}.Debug|x64.ActiveCfg = Debug|x64
		{4E45A6B1-494D-423E-BDE5-411C9CA31C10}.Debug|x64.Build.0 = Debug|x64
		{4E45A6B1-494D-423E-BDE5-411C9CA31C10}.Debug|x86.ActiveCfg = Debug|Win32
		{4E45A6B1-494D-423E-BDE5-411C9CA31C10}.Debug|x86.Build.0 = Debug|Win32
		{4E45A6B1-494D-423E-BDE5-411C9CA31C10}.Release|x64.ActiveCfg = Release|x64
		{4E45A6B1-494D-423E-BDE5-411C9CA31C10}.Release|x64.Build.0 = Release|x64
		{4E45A6B1-494D-423E-BDE5-411C9CA31C10}.Release|x86.ActiveCfg = Release|Win32
		{4E45A6B1-494D-423E-BDE5-411C9CA31C10}.Release|x86.Build.0 = Release|Win32
		{4E45A6B1-494D-423E-BDE5-411C9CA31C10}.Static_Debug|x64.ActiveCfg = Static_Debug|x64
		{4E45A6B1-494D-423E-BDE5-411C9CA31C10}.Static_Debug|x64.Build.0 = Static_Debug|x64
		{4E45A6B1-494D-423E-BDE5-411C9CA31C10}.Static_Debug|x86.ActiveCfg = Static_Debug|Win32
		{4E45A6B1-494D-423E-BDE5-411C9CA31C10}.Static_Debug|x86.Build.0 = Static_Debug|Win32
		{4E45A6B1-494D-423E-BDE5-411C9CA31C10}.Test|x64.ActiveCfg = Test|x64
		{4E45A6B1-494D-423E-BDE5-411C9CA31C10}.Test|x64.Build.0 = Test|x64
		{4E45A6B1-494D-423E-BDE5-411C9CA31C10}.Test|x86.ActiveCfg = Test|Win32
		{4E45A6B1-494D-423E-BDE5-411C9CA31C10}.Test|x86.Build.0 = Test|Win32
		{CC887A3A-AA4C-48D1-85AE-F08131B13F18}.Debug|x64.ActiveCfg = Debug|x64
		{CC887A3A-AA4C-48D1-85AE-F08131B13F18}.Debug|x64.Build.0 = Debug|x64
		{CC887A3A-AA4C-48D1-85AE-F08131B13F18}.Debug|x86.ActiveCfg = Debug|Win32
		{CC887A3A-AA4C-48D1-85AE-F08131B13F18}.Debug|x86.Build.0 = Debug|Win32
		{CC887A3A-AA4C-48D1-85AE-F08131B13F18}.Release|x64.ActiveCfg = Release|x64
		{CC887A3A-AA4C-48D1-85AE-F08131B13F18}.Release|x64.Build.0 = Release|x64
		{CC887A3A-AA4C-48D1-85AE-F08131B13F18}.Release|x86.ActiveCfg = Release|Win32
		{CC887A3A-AA4C-48D1-85AE-F08131B13F18}.Release|x86.Build.0 = Release|Win32
		{CC887A3A-AA4C-48D1-85AE-F08131B13F18}.Static_Debug|x64.ActiveCfg = Static_Debug|x64
		{CC887A3A-AA4C-48D1-85AE-F08131B13F18}.Static_Debug|x64.Build.0 = Static_Debug|x64
		{CC887A3A-AA4C-48D1-85AE-F08131B13F18}.Static_Debug|x86.ActiveCfg = Static_Debug|Win32
		{CC887A3A-AA4C-48D1-85AE-F08131B13F18}.Static_Debug|x86.Build.0 = Static_Debug|Win32
		{CC887A3A-AA4C-48D1-85AE-F08131B13F18}.Test|x64.ActiveCfg = Test|x64
		{CC887A3A-AA4C-48D1-85AE-F08131B13F18}.Test|x64.Build.0 = Test|x64
		{CC887A3A-AA4C-48D1-85AE-F08131B13F18}.Test|x86.ActiveCfg = Test|Win32
		{CC887A3A-AA4C-48D1-85AE-F08131B13F18}.Test|x86.Build.0 = Test|Win32
	EndGlobalSection
	GlobalSection(SolutionProperties) = preSolution
		HideSolutionNode = FALSE
	EndGlobalSection
EndGlobal
